
Microsoft Visual Studio Solution File, Format Version 12.00
# Visual Studio Version 16
VisualStudioVersion = 16.0.31515.178
MinimumVisualStudioVersion = 10.0.40219.1
Project("{FAE04EC0-301F-11D3-BF4B-00C04F79EFBC}") = "SortArrays", "SortArrays\SortArrays.csproj", "{1FEDD078-2E30-4BCA-9B2E-48F426F136C1}"
EndProject
Global
	GlobalSection(SolutionConfigurationPlatforms) = preSolution
		Debug|Any CPU = Debug|Any CPU
		Release|Any CPU = Release|Any CPU
	EndGlobalSection
	GlobalSection(ProjectConfigurationPlatforms) = postSolution
		{1FEDD078-2E30-4BCA-9B2E-48F426F136C1}.Debug|Any CPU.ActiveCfg = Debug|Any CPU
		{1FEDD078-2E30-4BCA-9B2E-48F426F136C1}.Debug|Any CPU.Build.0 = Debug|Any CPU
		{1FEDD078-2E30-4BCA-9B2E-48F426F136C1}.Release|Any CPU.ActiveCfg = Release|Any CPU
		{1FEDD078-2E30-4BCA-9B2E-48F426F136C1}.Release|Any CPU.Build.0 = Release|Any CPU
	EndGlobalSection
	GlobalSection(SolutionProperties) = preSolution
		HideSolutionNode = FALSE
	EndGlobalSection
	GlobalSection(ExtensibilityGlobals) = postSolution
		SolutionGuid = {2A99CAD8-A561-4EDF-A665-876E3F7D5FBB}
	EndGlobalSection
EndGlobal
